// !$*UTF8*$!
{
	archiveVersion = 1;
	classes = {
	};
	objectVersion = 55;
	objects = {

/* Begin PBXBuildFile section */
		690753D1287E73F9004BB38F /* ComposableArchitecture in Frameworks */ = {isa = PBXBuildFile; productRef = 690753D0287E73F9004BB38F /* ComposableArchitecture */; };
		690753D4287E74E3004BB38F /* DogFactsComponsable.swift in Sources */ = {isa = PBXBuildFile; fileRef = 690753D3287E74E3004BB38F /* DogFactsComponsable.swift */; };
		690753D5287E74E3004BB38F /* DogFactsComponsable.swift in Sources */ = {isa = PBXBuildFile; fileRef = 690753D3287E74E3004BB38F /* DogFactsComponsable.swift */; };
		690753DC287E77C2004BB38F /* ComposableArchitecture in Frameworks */ = {isa = PBXBuildFile; productRef = 690753DB287E77C2004BB38F /* ComposableArchitecture */; };
		690753DE287E77D5004BB38F /* ComposableArchitecture in Frameworks */ = {isa = PBXBuildFile; productRef = 690753DD287E77D5004BB38F /* ComposableArchitecture */; };
		69105BE9287B05FD007BF0D0 /* GlobalStyling.swift in Sources */ = {isa = PBXBuildFile; fileRef = 69105BE8287B05FD007BF0D0 /* GlobalStyling.swift */; };
		69105BEA287B05FD007BF0D0 /* GlobalStyling.swift in Sources */ = {isa = PBXBuildFile; fileRef = 69105BE8287B05FD007BF0D0 /* GlobalStyling.swift */; };
		691EAE242877A65C0093A527 /* DogFactsSwiftUIApp.swift in Sources */ = {isa = PBXBuildFile; fileRef = 691EADFD2877A65A0093A527 /* DogFactsSwiftUIApp.swift */; };
		691EAE252877A65C0093A527 /* DogFactsSwiftUIApp.swift in Sources */ = {isa = PBXBuildFile; fileRef = 691EADFD2877A65A0093A527 /* DogFactsSwiftUIApp.swift */; };
		691EAE262877A65C0093A527 /* ContentView.swift in Sources */ = {isa = PBXBuildFile; fileRef = 691EADFE2877A65A0093A527 /* ContentView.swift */; };
		691EAE272877A65C0093A527 /* ContentView.swift in Sources */ = {isa = PBXBuildFile; fileRef = 691EADFE2877A65A0093A527 /* ContentView.swift */; };
		691EAE282877A65C0093A527 /* Assets.xcassets in Resources */ = {isa = PBXBuildFile; fileRef = 691EADFF2877A65B0093A527 /* Assets.xcassets */; };
		691EAE292877A65C0093A527 /* Assets.xcassets in Resources */ = {isa = PBXBuildFile; fileRef = 691EADFF2877A65B0093A527 /* Assets.xcassets */; };
		691EAE372877E3450093A527 /* DogFactsServiceFetched.swift in Sources */ = {isa = PBXBuildFile; fileRef = 693FB56A2824CA5500BC9697 /* DogFactsServiceFetched.swift */; };
		691EAE382877E3460093A527 /* DogFactsServiceFetched.swift in Sources */ = {isa = PBXBuildFile; fileRef = 693FB56A2824CA5500BC9697 /* DogFactsServiceFetched.swift */; };
		691EAE392877E34B0093A527 /* DogFactsDataFetcherNetwork.swift in Sources */ = {isa = PBXBuildFile; fileRef = 693FB5692824CA5500BC9697 /* DogFactsDataFetcherNetwork.swift */; };
		691EAE3A2877E34C0093A527 /* DogFactsDataFetcherNetwork.swift in Sources */ = {isa = PBXBuildFile; fileRef = 693FB5692824CA5500BC9697 /* DogFactsDataFetcherNetwork.swift */; };
		691EAE3B2877E3560093A527 /* DogFactsViewModel.swift in Sources */ = {isa = PBXBuildFile; fileRef = 693C9B2A28306A0B00F1CC45 /* DogFactsViewModel.swift */; };
		691EAE3C2877E3570093A527 /* DogFactsViewModel.swift in Sources */ = {isa = PBXBuildFile; fileRef = 693C9B2A28306A0B00F1CC45 /* DogFactsViewModel.swift */; };
		691EAE3D2877E35B0093A527 /* DogFactsServiceInterface.swift in Sources */ = {isa = PBXBuildFile; fileRef = 693FB5682824CA5500BC9697 /* DogFactsServiceInterface.swift */; };
		691EAE3E2877E35B0093A527 /* DogFactsServiceInterface.swift in Sources */ = {isa = PBXBuildFile; fileRef = 693FB5682824CA5500BC9697 /* DogFactsServiceInterface.swift */; };
		693C9B2B28306A0B00F1CC45 /* DogFactsViewModel.swift in Sources */ = {isa = PBXBuildFile; fileRef = 693C9B2A28306A0B00F1CC45 /* DogFactsViewModel.swift */; };
		693FB53B2824A19F00BC9697 /* AppDelegate.swift in Sources */ = {isa = PBXBuildFile; fileRef = 693FB53A2824A19F00BC9697 /* AppDelegate.swift */; };
		693FB53D2824A19F00BC9697 /* ViewController.swift in Sources */ = {isa = PBXBuildFile; fileRef = 693FB53C2824A19F00BC9697 /* ViewController.swift */; };
		693FB53F2824A1A100BC9697 /* Assets.xcassets in Resources */ = {isa = PBXBuildFile; fileRef = 693FB53E2824A1A100BC9697 /* Assets.xcassets */; };
		693FB5422824A1A100BC9697 /* Main.storyboard in Resources */ = {isa = PBXBuildFile; fileRef = 693FB5402824A1A100BC9697 /* Main.storyboard */; };
		693FB56B2824CA5500BC9697 /* DogFactsServiceInterface.swift in Sources */ = {isa = PBXBuildFile; fileRef = 693FB5682824CA5500BC9697 /* DogFactsServiceInterface.swift */; };
		693FB56C2824CA5500BC9697 /* DogFactsDataFetcherNetwork.swift in Sources */ = {isa = PBXBuildFile; fileRef = 693FB5692824CA5500BC9697 /* DogFactsDataFetcherNetwork.swift */; };
		693FB56D2824CA5500BC9697 /* DogFactsServiceFetched.swift in Sources */ = {isa = PBXBuildFile; fileRef = 693FB56A2824CA5500BC9697 /* DogFactsServiceFetched.swift */; };
		693FB56F2824CC1900BC9697 /* Main.storyboard in Resources */ = {isa = PBXBuildFile; fileRef = 693FB56E2824CC1900BC9697 /* Main.storyboard */; };
		6989ED08287D101B00174779 /* DogFactsViewModelTests.swift in Sources */ = {isa = PBXBuildFile; fileRef = 693C9B2C2830B50600F1CC45 /* DogFactsViewModelTests.swift */; };
		6989ED09287D101E00174779 /* DogFactsServiceTests.swift in Sources */ = {isa = PBXBuildFile; fileRef = 693FB54C2824A1A100BC9697 /* DogFactsServiceTests.swift */; };
		6989ED0A287D102100174779 /* DogFactsDataFetcherMocked.swift in Sources */ = {isa = PBXBuildFile; fileRef = 697D602A2825FA880026C7DE /* DogFactsDataFetcherMocked.swift */; };
		6989ED0B287D102300174779 /* DogFactsServiceMocked.swift in Sources */ = {isa = PBXBuildFile; fileRef = 693C9B2E2830B59500F1CC45 /* DogFactsServiceMocked.swift */; };
/* End PBXBuildFile section */

/* Begin PBXContainerItemProxy section */
		6989ED03287D0FAD00174779 /* PBXContainerItemProxy */ = {
			isa = PBXContainerItemProxy;
			containerPortal = 693FB52F2824A19F00BC9697 /* Project object */;
			proxyType = 1;
			remoteGlobalIDString = 691EAE032877A65B0093A527;
			remoteInfo = "DogFactsSwiftUI (iOS)";
		};
/* End PBXContainerItemProxy section */

/* Begin PBXFileReference section */
		690753D3287E74E3004BB38F /* DogFactsComponsable.swift */ = {isa = PBXFileReference; lastKnownFileType = sourcecode.swift; path = DogFactsComponsable.swift; sourceTree = "<group>"; };
		69105BE8287B05FD007BF0D0 /* GlobalStyling.swift */ = {isa = PBXFileReference; lastKnownFileType = sourcecode.swift; path = GlobalStyling.swift; sourceTree = "<group>"; };
		691EADFD2877A65A0093A527 /* DogFactsSwiftUIApp.swift */ = {isa = PBXFileReference; lastKnownFileType = sourcecode.swift; path = DogFactsSwiftUIApp.swift; sourceTree = "<group>"; };
		691EADFE2877A65A0093A527 /* ContentView.swift */ = {isa = PBXFileReference; lastKnownFileType = sourcecode.swift; path = ContentView.swift; sourceTree = "<group>"; };
		691EADFF2877A65B0093A527 /* Assets.xcassets */ = {isa = PBXFileReference; lastKnownFileType = folder.assetcatalog; path = Assets.xcassets; sourceTree = "<group>"; };
		691EAE042877A65B0093A527 /* DogFactsSwiftUI.app */ = {isa = PBXFileReference; explicitFileType = wrapper.application; includeInIndex = 0; path = DogFactsSwiftUI.app; sourceTree = BUILT_PRODUCTS_DIR; };
		691EAE092877A65B0093A527 /* DogFactsSwiftUI.app */ = {isa = PBXFileReference; explicitFileType = wrapper.application; includeInIndex = 0; path = DogFactsSwiftUI.app; sourceTree = BUILT_PRODUCTS_DIR; };
		691EAE0B2877A65B0093A527 /* macOS.entitlements */ = {isa = PBXFileReference; lastKnownFileType = text.plist.entitlements; path = macOS.entitlements; sourceTree = "<group>"; };
		693C9B2A28306A0B00F1CC45 /* DogFactsViewModel.swift */ = {isa = PBXFileReference; lastKnownFileType = sourcecode.swift; path = DogFactsViewModel.swift; sourceTree = "<group>"; };
		693C9B2C2830B50600F1CC45 /* DogFactsViewModelTests.swift */ = {isa = PBXFileReference; lastKnownFileType = sourcecode.swift; path = DogFactsViewModelTests.swift; sourceTree = "<group>"; };
		693C9B2E2830B59500F1CC45 /* DogFactsServiceMocked.swift */ = {isa = PBXFileReference; lastKnownFileType = sourcecode.swift; path = DogFactsServiceMocked.swift; sourceTree = "<group>"; };
		693FB5372824A19F00BC9697 /* DogFacts (orig macOS).app */ = {isa = PBXFileReference; explicitFileType = wrapper.application; includeInIndex = 0; path = "DogFacts (orig macOS).app"; sourceTree = BUILT_PRODUCTS_DIR; };
		693FB53A2824A19F00BC9697 /* AppDelegate.swift */ = {isa = PBXFileReference; lastKnownFileType = sourcecode.swift; path = AppDelegate.swift; sourceTree = "<group>"; };
		693FB53C2824A19F00BC9697 /* ViewController.swift */ = {isa = PBXFileReference; lastKnownFileType = sourcecode.swift; path = ViewController.swift; sourceTree = "<group>"; };
		693FB53E2824A1A100BC9697 /* Assets.xcassets */ = {isa = PBXFileReference; lastKnownFileType = folder.assetcatalog; path = Assets.xcassets; sourceTree = "<group>"; };
		693FB5412824A1A100BC9697 /* Base */ = {isa = PBXFileReference; lastKnownFileType = file.storyboard; name = Base; path = Base.lproj/Main.storyboard; sourceTree = "<group>"; };
		693FB54C2824A1A100BC9697 /* DogFactsServiceTests.swift */ = {isa = PBXFileReference; lastKnownFileType = sourcecode.swift; path = DogFactsServiceTests.swift; sourceTree = "<group>"; };
		693FB5682824CA5500BC9697 /* DogFactsServiceInterface.swift */ = {isa = PBXFileReference; fileEncoding = 4; lastKnownFileType = sourcecode.swift; path = DogFactsServiceInterface.swift; sourceTree = "<group>"; };
		693FB5692824CA5500BC9697 /* DogFactsDataFetcherNetwork.swift */ = {isa = PBXFileReference; fileEncoding = 4; lastKnownFileType = sourcecode.swift; path = DogFactsDataFetcherNetwork.swift; sourceTree = "<group>"; };
		693FB56A2824CA5500BC9697 /* DogFactsServiceFetched.swift */ = {isa = PBXFileReference; fileEncoding = 4; lastKnownFileType = sourcecode.swift; path = DogFactsServiceFetched.swift; sourceTree = "<group>"; };
		693FB56E2824CC1900BC9697 /* Main.storyboard */ = {isa = PBXFileReference; fileEncoding = 4; lastKnownFileType = file.storyboard; path = Main.storyboard; sourceTree = "<group>"; };
		697D602A2825FA880026C7DE /* DogFactsDataFetcherMocked.swift */ = {isa = PBXFileReference; fileEncoding = 4; lastKnownFileType = sourcecode.swift; path = DogFactsDataFetcherMocked.swift; sourceTree = "<group>"; };
		6989ECFF287D0FAC00174779 /* DogFactsUnitTests.xctest */ = {isa = PBXFileReference; explicitFileType = wrapper.cfbundle; includeInIndex = 0; path = DogFactsUnitTests.xctest; sourceTree = BUILT_PRODUCTS_DIR; };
/* End PBXFileReference section */

/* Begin PBXFrameworksBuildPhase section */
		691EAE012877A65B0093A527 /* Frameworks */ = {
			isa = PBXFrameworksBuildPhase;
			buildActionMask = 2147483647;
			files = (
				690753DE287E77D5004BB38F /* ComposableArchitecture in Frameworks */,
			);
			runOnlyForDeploymentPostprocessing = 0;
		};
		691EAE062877A65B0093A527 /* Frameworks */ = {
			isa = PBXFrameworksBuildPhase;
			buildActionMask = 2147483647;
			files = (
				690753DC287E77C2004BB38F /* ComposableArchitecture in Frameworks */,
			);
			runOnlyForDeploymentPostprocessing = 0;
		};
		693FB5342824A19F00BC9697 /* Frameworks */ = {
			isa = PBXFrameworksBuildPhase;
			buildActionMask = 2147483647;
			files = (
				690753D1287E73F9004BB38F /* ComposableArchitecture in Frameworks */,
			);
			runOnlyForDeploymentPostprocessing = 0;
		};
		6989ECFC287D0FAC00174779 /* Frameworks */ = {
			isa = PBXFrameworksBuildPhase;
			buildActionMask = 2147483647;
			files = (
			);
			runOnlyForDeploymentPostprocessing = 0;
		};
/* End PBXFrameworksBuildPhase section */

/* Begin PBXGroup section */
		690753D2287E74B9004BB38F /* Componsable Arch */ = {
			isa = PBXGroup;
			children = (
				690753D3287E74E3004BB38F /* DogFactsComponsable.swift */,
			);
			path = "Componsable Arch";
			sourceTree = "<group>";
		};
		690753DA287E77C2004BB38F /* Frameworks */ = {
			isa = PBXGroup;
			children = (
			);
			name = Frameworks;
			sourceTree = "<group>";
		};
		691EADFC2877A65A0093A527 /* SwiftUI */ = {
			isa = PBXGroup;
			children = (
				691EADFD2877A65A0093A527 /* DogFactsSwiftUIApp.swift */,
				691EADFE2877A65A0093A527 /* ContentView.swift */,
				69105BE8287B05FD007BF0D0 /* GlobalStyling.swift */,
				691EADFF2877A65B0093A527 /* Assets.xcassets */,
			);
			path = SwiftUI;
			sourceTree = "<group>";
		};
		691EAE0A2877A65B0093A527 /* macOS */ = {
			isa = PBXGroup;
			children = (
				691EAE0B2877A65B0093A527 /* macOS.entitlements */,
			);
			path = macOS;
			sourceTree = "<group>";
		};
		693FB52E2824A19F00BC9697 = {
			isa = PBXGroup;
			children = (
				693FB5672824CA3100BC9697 /* Service */,
				691EADFC2877A65A0093A527 /* SwiftUI */,
				690753D2287E74B9004BB38F /* Componsable Arch */,
				691EAE0A2877A65B0093A527 /* macOS */,
				693FB54B2824A1A100BC9697 /* DogFactsTests */,
				693FB5392824A19F00BC9697 /* DogFacts (orig macOS) */,
				693FB5382824A19F00BC9697 /* Products */,
				690753DA287E77C2004BB38F /* Frameworks */,
			);
			sourceTree = "<group>";
		};
		693FB5382824A19F00BC9697 /* Products */ = {
			isa = PBXGroup;
			children = (
				693FB5372824A19F00BC9697 /* DogFacts (orig macOS).app */,
				691EAE042877A65B0093A527 /* DogFactsSwiftUI.app */,
				691EAE092877A65B0093A527 /* DogFactsSwiftUI.app */,
				6989ECFF287D0FAC00174779 /* DogFactsUnitTests.xctest */,
			);
			name = Products;
			sourceTree = "<group>";
		};
		693FB5392824A19F00BC9697 /* DogFacts (orig macOS) */ = {
			isa = PBXGroup;
			children = (
				693FB5652824C9F500BC9697 /* App */,
				693FB5662824CA0C00BC9697 /* UI */,
			);
			path = "DogFacts (orig macOS)";
			sourceTree = "<group>";
		};
		693FB54B2824A1A100BC9697 /* DogFactsTests */ = {
			isa = PBXGroup;
			children = (
				697D60292825FA7B0026C7DE /* Mock */,
				693FB54C2824A1A100BC9697 /* DogFactsServiceTests.swift */,
				693C9B2C2830B50600F1CC45 /* DogFactsViewModelTests.swift */,
			);
			path = DogFactsTests;
			sourceTree = "<group>";
		};
		693FB5652824C9F500BC9697 /* App */ = {
			isa = PBXGroup;
			children = (
				693FB53A2824A19F00BC9697 /* AppDelegate.swift */,
				693FB53E2824A1A100BC9697 /* Assets.xcassets */,
				693FB56E2824CC1900BC9697 /* Main.storyboard */,
			);
			path = App;
			sourceTree = "<group>";
		};
		693FB5662824CA0C00BC9697 /* UI */ = {
			isa = PBXGroup;
			children = (
				693FB53C2824A19F00BC9697 /* ViewController.swift */,
				693FB5402824A1A100BC9697 /* Main.storyboard */,
			);
			path = UI;
			sourceTree = "<group>";
		};
		693FB5672824CA3100BC9697 /* Service */ = {
			isa = PBXGroup;
			children = (
				693FB5682824CA5500BC9697 /* DogFactsServiceInterface.swift */,
				693C9B2A28306A0B00F1CC45 /* DogFactsViewModel.swift */,
				693FB5692824CA5500BC9697 /* DogFactsDataFetcherNetwork.swift */,
				693FB56A2824CA5500BC9697 /* DogFactsServiceFetched.swift */,
			);
			path = Service;
			sourceTree = "<group>";
		};
		697D60292825FA7B0026C7DE /* Mock */ = {
			isa = PBXGroup;
			children = (
				697D602A2825FA880026C7DE /* DogFactsDataFetcherMocked.swift */,
				693C9B2E2830B59500F1CC45 /* DogFactsServiceMocked.swift */,
			);
			path = Mock;
			sourceTree = "<group>";
		};
/* End PBXGroup section */

/* Begin PBXNativeTarget section */
		691EAE032877A65B0093A527 /* DogFactsSwiftUI (iOS) */ = {
			isa = PBXNativeTarget;
			buildConfigurationList = 691EAE322877A65C0093A527 /* Build configuration list for PBXNativeTarget "DogFactsSwiftUI (iOS)" */;
			buildPhases = (
				691EAE002877A65B0093A527 /* Sources */,
				691EAE012877A65B0093A527 /* Frameworks */,
				691EAE022877A65B0093A527 /* Resources */,
			);
			buildRules = (
			);
			dependencies = (
				690753D7287E7578004BB38F /* PBXTargetDependency */,
			);
			name = "DogFactsSwiftUI (iOS)";
			packageProductDependencies = (
				690753DD287E77D5004BB38F /* ComposableArchitecture */,
			);
			productName = "DogFactsSwiftUI (iOS)";
			productReference = 691EAE042877A65B0093A527 /* DogFactsSwiftUI.app */;
			productType = "com.apple.product-type.application";
		};
		691EAE082877A65B0093A527 /* DogFactsSwiftUI (macOS) */ = {
			isa = PBXNativeTarget;
			buildConfigurationList = 691EAE332877A65C0093A527 /* Build configuration list for PBXNativeTarget "DogFactsSwiftUI (macOS)" */;
			buildPhases = (
				691EAE052877A65B0093A527 /* Sources */,
				691EAE062877A65B0093A527 /* Frameworks */,
				691EAE072877A65B0093A527 /* Resources */,
			);
			buildRules = (
			);
			dependencies = (
				690753D9287E7582004BB38F /* PBXTargetDependency */,
			);
			name = "DogFactsSwiftUI (macOS)";
			packageProductDependencies = (
				690753DB287E77C2004BB38F /* ComposableArchitecture */,
			);
			productName = "DogFactsSwiftUI (macOS)";
			productReference = 691EAE092877A65B0093A527 /* DogFactsSwiftUI.app */;
			productType = "com.apple.product-type.application";
		};
		693FB5362824A19F00BC9697 /* DogFacts (orig macOS) */ = {
			isa = PBXNativeTarget;
			buildConfigurationList = 693FB55C2824A1A100BC9697 /* Build configuration list for PBXNativeTarget "DogFacts (orig macOS)" */;
			buildPhases = (
				693FB5332824A19F00BC9697 /* Sources */,
				693FB5342824A19F00BC9697 /* Frameworks */,
				693FB5352824A19F00BC9697 /* Resources */,
			);
			buildRules = (
			);
			dependencies = (
			);
			name = "DogFacts (orig macOS)";
			packageProductDependencies = (
				690753D0287E73F9004BB38F /* ComposableArchitecture */,
			);
			productName = DogFacts;
			productReference = 693FB5372824A19F00BC9697 /* DogFacts (orig macOS).app */;
			productType = "com.apple.product-type.application";
		};
		6989ECFE287D0FAC00174779 /* DogFactsUnitTests */ = {
			isa = PBXNativeTarget;
			buildConfigurationList = 6989ED05287D0FAD00174779 /* Build configuration list for PBXNativeTarget "DogFactsUnitTests" */;
			buildPhases = (
				6989ECFB287D0FAC00174779 /* Sources */,
				6989ECFC287D0FAC00174779 /* Frameworks */,
				6989ECFD287D0FAC00174779 /* Resources */,
			);
			buildRules = (
			);
			dependencies = (
				6989ED04287D0FAD00174779 /* PBXTargetDependency */,
			);
			name = DogFactsUnitTests;
			productName = DogFactsUnitTests;
			productReference = 6989ECFF287D0FAC00174779 /* DogFactsUnitTests.xctest */;
			productType = "com.apple.product-type.bundle.unit-test";
		};
/* End PBXNativeTarget section */

/* Begin PBXProject section */
		693FB52F2824A19F00BC9697 /* Project object */ = {
			isa = PBXProject;
			attributes = {
				BuildIndependentTargetsInParallel = 1;
				LastSwiftUpdateCheck = 1340;
				LastUpgradeCheck = 1340;
				TargetAttributes = {
					691EAE032877A65B0093A527 = {
						CreatedOnToolsVersion = 13.4.1;
					};
					691EAE082877A65B0093A527 = {
						CreatedOnToolsVersion = 13.4.1;
					};
					693FB5362824A19F00BC9697 = {
						CreatedOnToolsVersion = 13.2.1;
					};
					6989ECFE287D0FAC00174779 = {
						CreatedOnToolsVersion = 13.4.1;
						TestTargetID = 691EAE032877A65B0093A527;
					};
				};
			};
			buildConfigurationList = 693FB5322824A19F00BC9697 /* Build configuration list for PBXProject "DogFacts" */;
			compatibilityVersion = "Xcode 13.0";
			developmentRegion = en;
			hasScannedForEncodings = 0;
			knownRegions = (
				en,
				Base,
			);
			mainGroup = 693FB52E2824A19F00BC9697;
			packageReferences = (
				690753CF287E73F9004BB38F /* XCRemoteSwiftPackageReference "swift-composable-architecture" */,
			);
			productRefGroup = 693FB5382824A19F00BC9697 /* Products */;
			projectDirPath = "";
			projectRoot = "";
			targets = (
				693FB5362824A19F00BC9697 /* DogFacts (orig macOS) */,
				691EAE032877A65B0093A527 /* DogFactsSwiftUI (iOS) */,
				691EAE082877A65B0093A527 /* DogFactsSwiftUI (macOS) */,
				6989ECFE287D0FAC00174779 /* DogFactsUnitTests */,
			);
		};
/* End PBXProject section */

/* Begin PBXResourcesBuildPhase section */
		691EAE022877A65B0093A527 /* Resources */ = {
			isa = PBXResourcesBuildPhase;
			buildActionMask = 2147483647;
			files = (
				691EAE282877A65C0093A527 /* Assets.xcassets in Resources */,
			);
			runOnlyForDeploymentPostprocessing = 0;
		};
		691EAE072877A65B0093A527 /* Resources */ = {
			isa = PBXResourcesBuildPhase;
			buildActionMask = 2147483647;
			files = (
				691EAE292877A65C0093A527 /* Assets.xcassets in Resources */,
			);
			runOnlyForDeploymentPostprocessing = 0;
		};
		693FB5352824A19F00BC9697 /* Resources */ = {
			isa = PBXResourcesBuildPhase;
			buildActionMask = 2147483647;
			files = (
				693FB56F2824CC1900BC9697 /* Main.storyboard in Resources */,
				693FB53F2824A1A100BC9697 /* Assets.xcassets in Resources */,
				693FB5422824A1A100BC9697 /* Main.storyboard in Resources */,
			);
			runOnlyForDeploymentPostprocessing = 0;
		};
		6989ECFD287D0FAC00174779 /* Resources */ = {
			isa = PBXResourcesBuildPhase;
			buildActionMask = 2147483647;
			files = (
			);
			runOnlyForDeploymentPostprocessing = 0;
		};
/* End PBXResourcesBuildPhase section */

/* Begin PBXSourcesBuildPhase section */
		691EAE002877A65B0093A527 /* Sources */ = {
			isa = PBXSourcesBuildPhase;
			buildActionMask = 2147483647;
			files = (
				691EAE262877A65C0093A527 /* ContentView.swift in Sources */,
				69105BE9287B05FD007BF0D0 /* GlobalStyling.swift in Sources */,
				690753D4287E74E3004BB38F /* DogFactsComponsable.swift in Sources */,
				691EAE3B2877E3560093A527 /* DogFactsViewModel.swift in Sources */,
				691EAE372877E3450093A527 /* DogFactsServiceFetched.swift in Sources */,
				691EAE392877E34B0093A527 /* DogFactsDataFetcherNetwork.swift in Sources */,
				691EAE3D2877E35B0093A527 /* DogFactsServiceInterface.swift in Sources */,
				691EAE242877A65C0093A527 /* DogFactsSwiftUIApp.swift in Sources */,
			);
			runOnlyForDeploymentPostprocessing = 0;
		};
		691EAE052877A65B0093A527 /* Sources */ = {
			isa = PBXSourcesBuildPhase;
			buildActionMask = 2147483647;
			files = (
				691EAE272877A65C0093A527 /* ContentView.swift in Sources */,
				69105BEA287B05FD007BF0D0 /* GlobalStyling.swift in Sources */,
				690753D5287E74E3004BB38F /* DogFactsComponsable.swift in Sources */,
				691EAE3C2877E3570093A527 /* DogFactsViewModel.swift in Sources */,
				691EAE382877E3460093A527 /* DogFactsServiceFetched.swift in Sources */,
				691EAE3A2877E34C0093A527 /* DogFactsDataFetcherNetwork.swift in Sources */,
				691EAE3E2877E35B0093A527 /* DogFactsServiceInterface.swift in Sources */,
				691EAE252877A65C0093A527 /* DogFactsSwiftUIApp.swift in Sources */,
			);
			runOnlyForDeploymentPostprocessing = 0;
		};
		693FB5332824A19F00BC9697 /* Sources */ = {
			isa = PBXSourcesBuildPhase;
			buildActionMask = 2147483647;
			files = (
				693FB56D2824CA5500BC9697 /* DogFactsServiceFetched.swift in Sources */,
				693FB53D2824A19F00BC9697 /* ViewController.swift in Sources */,
				693FB53B2824A19F00BC9697 /* AppDelegate.swift in Sources */,
				693C9B2B28306A0B00F1CC45 /* DogFactsViewModel.swift in Sources */,
				693FB56C2824CA5500BC9697 /* DogFactsDataFetcherNetwork.swift in Sources */,
				693FB56B2824CA5500BC9697 /* DogFactsServiceInterface.swift in Sources */,
			);
			runOnlyForDeploymentPostprocessing = 0;
		};
		6989ECFB287D0FAC00174779 /* Sources */ = {
			isa = PBXSourcesBuildPhase;
			buildActionMask = 2147483647;
			files = (
				6989ED09287D101E00174779 /* DogFactsServiceTests.swift in Sources */,
				6989ED08287D101B00174779 /* DogFactsViewModelTests.swift in Sources */,
				6989ED0A287D102100174779 /* DogFactsDataFetcherMocked.swift in Sources */,
				6989ED0B287D102300174779 /* DogFactsServiceMocked.swift in Sources */,
			);
			runOnlyForDeploymentPostprocessing = 0;
		};
/* End PBXSourcesBuildPhase section */

/* Begin PBXTargetDependency section */
		690753D7287E7578004BB38F /* PBXTargetDependency */ = {
			isa = PBXTargetDependency;
			productRef = 690753D6287E7578004BB38F /* ComposableArchitecture */;
		};
		690753D9287E7582004BB38F /* PBXTargetDependency */ = {
			isa = PBXTargetDependency;
			productRef = 690753D8287E7582004BB38F /* ComposableArchitecture */;
		};
		6989ED04287D0FAD00174779 /* PBXTargetDependency */ = {
			isa = PBXTargetDependency;
			target = 691EAE032877A65B0093A527 /* DogFactsSwiftUI (iOS) */;
			targetProxy = 6989ED03287D0FAD00174779 /* PBXContainerItemProxy */;
		};
/* End PBXTargetDependency section */

/* Begin PBXVariantGroup section */
		693FB5402824A1A100BC9697 /* Main.storyboard */ = {
			isa = PBXVariantGroup;
			children = (
				693FB5412824A1A100BC9697 /* Base */,
			);
			name = Main.storyboard;
			sourceTree = "<group>";
		};
/* End PBXVariantGroup section */

/* Begin XCBuildConfiguration section */
		691EAE2A2877A65C0093A527 /* Debug */ = {
			isa = XCBuildConfiguration;
			buildSettings = {
				ASSETCATALOG_COMPILER_APPICON_NAME = AppIcon;
				ASSETCATALOG_COMPILER_GLOBAL_ACCENT_COLOR_NAME = AccentColor;
				CODE_SIGN_STYLE = Automatic;
				CURRENT_PROJECT_VERSION = 1;
				DEVELOPMENT_TEAM = 7R2A5774NX;
				ENABLE_PREVIEWS = YES;
				GENERATE_INFOPLIST_FILE = YES;
				INFOPLIST_KEY_UIApplicationSceneManifest_Generation = YES;
				INFOPLIST_KEY_UIApplicationSupportsIndirectInputEvents = YES;
				INFOPLIST_KEY_UILaunchScreen_Generation = YES;
				INFOPLIST_KEY_UISupportedInterfaceOrientations_iPad = "UIInterfaceOrientationPortrait UIInterfaceOrientationPortraitUpsideDown UIInterfaceOrientationLandscapeLeft UIInterfaceOrientationLandscapeRight";
				INFOPLIST_KEY_UISupportedInterfaceOrientations_iPhone = "UIInterfaceOrientationPortrait UIInterfaceOrientationLandscapeLeft UIInterfaceOrientationLandscapeRight";
				IPHONEOS_DEPLOYMENT_TARGET = 15.5;
				LD_RUNPATH_SEARCH_PATHS = (
					"$(inherited)",
					"@executable_path/Frameworks",
				);
				MARKETING_VERSION = 1.0;
				PRODUCT_BUNDLE_IDENTIFIER = roundtripsoftware.DogFactsSwiftUI;
				PRODUCT_NAME = DogFactsSwiftUI;
				SDKROOT = iphoneos;
				SWIFT_EMIT_LOC_STRINGS = YES;
				SWIFT_VERSION = 5.0;
				TARGETED_DEVICE_FAMILY = "1,2";
			};
			name = Debug;
		};
		691EAE2B2877A65C0093A527 /* Release */ = {
			isa = XCBuildConfiguration;
			buildSettings = {
				ASSETCATALOG_COMPILER_APPICON_NAME = AppIcon;
				ASSETCATALOG_COMPILER_GLOBAL_ACCENT_COLOR_NAME = AccentColor;
				CODE_SIGN_STYLE = Automatic;
				CURRENT_PROJECT_VERSION = 1;
				DEVELOPMENT_TEAM = 7R2A5774NX;
				ENABLE_PREVIEWS = YES;
				GENERATE_INFOPLIST_FILE = YES;
				INFOPLIST_KEY_UIApplicationSceneManifest_Generation = YES;
				INFOPLIST_KEY_UIApplicationSupportsIndirectInputEvents = YES;
				INFOPLIST_KEY_UILaunchScreen_Generation = YES;
				INFOPLIST_KEY_UISupportedInterfaceOrientations_iPad = "UIInterfaceOrientationPortrait UIInterfaceOrientationPortraitUpsideDown UIInterfaceOrientationLandscapeLeft UIInterfaceOrientationLandscapeRight";
				INFOPLIST_KEY_UISupportedInterfaceOrientations_iPhone = "UIInterfaceOrientationPortrait UIInterfaceOrientationLandscapeLeft UIInterfaceOrientationLandscapeRight";
				IPHONEOS_DEPLOYMENT_TARGET = 15.5;
				LD_RUNPATH_SEARCH_PATHS = (
					"$(inherited)",
					"@executable_path/Frameworks",
				);
				MARKETING_VERSION = 1.0;
				PRODUCT_BUNDLE_IDENTIFIER = roundtripsoftware.DogFactsSwiftUI;
				PRODUCT_NAME = DogFactsSwiftUI;
				SDKROOT = iphoneos;
				SWIFT_EMIT_LOC_STRINGS = YES;
				SWIFT_VERSION = 5.0;
				TARGETED_DEVICE_FAMILY = "1,2";
				VALIDATE_PRODUCT = YES;
			};
			name = Release;
		};
		691EAE2C2877A65C0093A527 /* Debug */ = {
			isa = XCBuildConfiguration;
			buildSettings = {
				ASSETCATALOG_COMPILER_APPICON_NAME = AppIcon;
				ASSETCATALOG_COMPILER_GLOBAL_ACCENT_COLOR_NAME = AccentColor;
				CODE_SIGN_ENTITLEMENTS = macOS/macOS.entitlements;
				CODE_SIGN_IDENTITY = "-";
				CODE_SIGN_STYLE = Automatic;
				COMBINE_HIDPI_IMAGES = YES;
				CURRENT_PROJECT_VERSION = 1;
				DEVELOPMENT_TEAM = 7R2A5774NX;
				ENABLE_HARDENED_RUNTIME = YES;
				ENABLE_PREVIEWS = YES;
				GENERATE_INFOPLIST_FILE = YES;
				INFOPLIST_KEY_NSHumanReadableCopyright = "";
				LD_RUNPATH_SEARCH_PATHS = (
					"$(inherited)",
					"@executable_path/../Frameworks",
				);
				MACOSX_DEPLOYMENT_TARGET = 12.3;
				MARKETING_VERSION = 1.0;
				PRODUCT_BUNDLE_IDENTIFIER = roundtripsoftware.DogFactsSwiftUI;
				PRODUCT_NAME = DogFactsSwiftUI;
				SDKROOT = macosx;
				SWIFT_EMIT_LOC_STRINGS = YES;
				SWIFT_VERSION = 5.0;
			};
			name = Debug;
		};
		691EAE2D2877A65C0093A527 /* Release */ = {
			isa = XCBuildConfiguration;
			buildSettings = {
				ASSETCATALOG_COMPILER_APPICON_NAME = AppIcon;
				ASSETCATALOG_COMPILER_GLOBAL_ACCENT_COLOR_NAME = AccentColor;
				CODE_SIGN_ENTITLEMENTS = macOS/macOS.entitlements;
				CODE_SIGN_IDENTITY = "-";
				CODE_SIGN_STYLE = Automatic;
				COMBINE_HIDPI_IMAGES = YES;
				CURRENT_PROJECT_VERSION = 1;
				DEVELOPMENT_TEAM = 7R2A5774NX;
				ENABLE_HARDENED_RUNTIME = YES;
				ENABLE_PREVIEWS = YES;
				GENERATE_INFOPLIST_FILE = YES;
				INFOPLIST_KEY_NSHumanReadableCopyright = "";
				LD_RUNPATH_SEARCH_PATHS = (
					"$(inherited)",
					"@executable_path/../Frameworks",
				);
				MACOSX_DEPLOYMENT_TARGET = 12.3;
				MARKETING_VERSION = 1.0;
				PRODUCT_BUNDLE_IDENTIFIER = roundtripsoftware.DogFactsSwiftUI;
				PRODUCT_NAME = DogFactsSwiftUI;
				SDKROOT = macosx;
				SWIFT_EMIT_LOC_STRINGS = YES;
				SWIFT_VERSION = 5.0;
			};
			name = Release;
		};
		693FB55A2824A1A100BC9697 /* Debug */ = {
			isa = XCBuildConfiguration;
			buildSettings = {
				ALWAYS_SEARCH_USER_PATHS = NO;
				CLANG_ANALYZER_NONNULL = YES;
				CLANG_ANALYZER_NUMBER_OBJECT_CONVERSION = YES_AGGRESSIVE;
				CLANG_CXX_LANGUAGE_STANDARD = "gnu++17";
				CLANG_CXX_LIBRARY = "libc++";
				CLANG_ENABLE_MODULES = YES;
				CLANG_ENABLE_OBJC_ARC = YES;
				CLANG_ENABLE_OBJC_WEAK = YES;
				CLANG_WARN_BLOCK_CAPTURE_AUTORELEASING = YES;
				CLANG_WARN_BOOL_CONVERSION = YES;
				CLANG_WARN_COMMA = YES;
				CLANG_WARN_CONSTANT_CONVERSION = YES;
				CLANG_WARN_DEPRECATED_OBJC_IMPLEMENTATIONS = YES;
				CLANG_WARN_DIRECT_OBJC_ISA_USAGE = YES_ERROR;
				CLANG_WARN_DOCUMENTATION_COMMENTS = YES;
				CLANG_WARN_EMPTY_BODY = YES;
				CLANG_WARN_ENUM_CONVERSION = YES;
				CLANG_WARN_INFINITE_RECURSION = YES;
				CLANG_WARN_INT_CONVERSION = YES;
				CLANG_WARN_NON_LITERAL_NULL_CONVERSION = YES;
				CLANG_WARN_OBJC_IMPLICIT_RETAIN_SELF = YES;
				CLANG_WARN_OBJC_LITERAL_CONVERSION = YES;
				CLANG_WARN_OBJC_ROOT_CLASS = YES_ERROR;
				CLANG_WARN_QUOTED_INCLUDE_IN_FRAMEWORK_HEADER = YES;
				CLANG_WARN_RANGE_LOOP_ANALYSIS = YES;
				CLANG_WARN_STRICT_PROTOTYPES = YES;
				CLANG_WARN_SUSPICIOUS_MOVE = YES;
				CLANG_WARN_UNGUARDED_AVAILABILITY = YES_AGGRESSIVE;
				CLANG_WARN_UNREACHABLE_CODE = YES;
				CLANG_WARN__DUPLICATE_METHOD_MATCH = YES;
				COPY_PHASE_STRIP = NO;
				DEBUG_INFORMATION_FORMAT = dwarf;
				ENABLE_STRICT_OBJC_MSGSEND = YES;
				ENABLE_TESTABILITY = YES;
				GCC_C_LANGUAGE_STANDARD = gnu11;
				GCC_DYNAMIC_NO_PIC = NO;
				GCC_NO_COMMON_BLOCKS = YES;
				GCC_OPTIMIZATION_LEVEL = 0;
				GCC_PREPROCESSOR_DEFINITIONS = (
					"DEBUG=1",
					"$(inherited)",
				);
				GCC_WARN_64_TO_32_BIT_CONVERSION = YES;
				GCC_WARN_ABOUT_RETURN_TYPE = YES_ERROR;
				GCC_WARN_UNDECLARED_SELECTOR = YES;
				GCC_WARN_UNINITIALIZED_AUTOS = YES_AGGRESSIVE;
				GCC_WARN_UNUSED_FUNCTION = YES;
				GCC_WARN_UNUSED_VARIABLE = YES;
				MACOSX_DEPLOYMENT_TARGET = 12.1;
				MTL_ENABLE_DEBUG_INFO = INCLUDE_SOURCE;
				MTL_FAST_MATH = YES;
				ONLY_ACTIVE_ARCH = YES;
				SDKROOT = macosx;
				SWIFT_ACTIVE_COMPILATION_CONDITIONS = DEBUG;
				SWIFT_OPTIMIZATION_LEVEL = "-Onone";
			};
			name = Debug;
		};
		693FB55B2824A1A100BC9697 /* Release */ = {
			isa = XCBuildConfiguration;
			buildSettings = {
				ALWAYS_SEARCH_USER_PATHS = NO;
				CLANG_ANALYZER_NONNULL = YES;
				CLANG_ANALYZER_NUMBER_OBJECT_CONVERSION = YES_AGGRESSIVE;
				CLANG_CXX_LANGUAGE_STANDARD = "gnu++17";
				CLANG_CXX_LIBRARY = "libc++";
				CLANG_ENABLE_MODULES = YES;
				CLANG_ENABLE_OBJC_ARC = YES;
				CLANG_ENABLE_OBJC_WEAK = YES;
				CLANG_WARN_BLOCK_CAPTURE_AUTORELEASING = YES;
				CLANG_WARN_BOOL_CONVERSION = YES;
				CLANG_WARN_COMMA = YES;
				CLANG_WARN_CONSTANT_CONVERSION = YES;
				CLANG_WARN_DEPRECATED_OBJC_IMPLEMENTATIONS = YES;
				CLANG_WARN_DIRECT_OBJC_ISA_USAGE = YES_ERROR;
				CLANG_WARN_DOCUMENTATION_COMMENTS = YES;
				CLANG_WARN_EMPTY_BODY = YES;
				CLANG_WARN_ENUM_CONVERSION = YES;
				CLANG_WARN_INFINITE_RECURSION = YES;
				CLANG_WARN_INT_CONVERSION = YES;
				CLANG_WARN_NON_LITERAL_NULL_CONVERSION = YES;
				CLANG_WARN_OBJC_IMPLICIT_RETAIN_SELF = YES;
				CLANG_WARN_OBJC_LITERAL_CONVERSION = YES;
				CLANG_WARN_OBJC_ROOT_CLASS = YES_ERROR;
				CLANG_WARN_QUOTED_INCLUDE_IN_FRAMEWORK_HEADER = YES;
				CLANG_WARN_RANGE_LOOP_ANALYSIS = YES;
				CLANG_WARN_STRICT_PROTOTYPES = YES;
				CLANG_WARN_SUSPICIOUS_MOVE = YES;
				CLANG_WARN_UNGUARDED_AVAILABILITY = YES_AGGRESSIVE;
				CLANG_WARN_UNREACHABLE_CODE = YES;
				CLANG_WARN__DUPLICATE_METHOD_MATCH = YES;
				COPY_PHASE_STRIP = NO;
				DEBUG_INFORMATION_FORMAT = "dwarf-with-dsym";
				ENABLE_NS_ASSERTIONS = NO;
				ENABLE_STRICT_OBJC_MSGSEND = YES;
				GCC_C_LANGUAGE_STANDARD = gnu11;
				GCC_NO_COMMON_BLOCKS = YES;
				GCC_WARN_64_TO_32_BIT_CONVERSION = YES;
				GCC_WARN_ABOUT_RETURN_TYPE = YES_ERROR;
				GCC_WARN_UNDECLARED_SELECTOR = YES;
				GCC_WARN_UNINITIALIZED_AUTOS = YES_AGGRESSIVE;
				GCC_WARN_UNUSED_FUNCTION = YES;
				GCC_WARN_UNUSED_VARIABLE = YES;
				MACOSX_DEPLOYMENT_TARGET = 12.1;
				MTL_ENABLE_DEBUG_INFO = NO;
				MTL_FAST_MATH = YES;
				SDKROOT = macosx;
				SWIFT_COMPILATION_MODE = wholemodule;
				SWIFT_OPTIMIZATION_LEVEL = "-O";
			};
			name = Release;
		};
		693FB55D2824A1A100BC9697 /* Debug */ = {
			isa = XCBuildConfiguration;
			buildSettings = {
				ASSETCATALOG_COMPILER_APPICON_NAME = AppIcon;
				ASSETCATALOG_COMPILER_GLOBAL_ACCENT_COLOR_NAME = AccentColor;
				CODE_SIGN_ENTITLEMENTS = macOS/macOS.entitlements;
				CODE_SIGN_IDENTITY = "-";
				CODE_SIGN_STYLE = Automatic;
				COMBINE_HIDPI_IMAGES = YES;
				CURRENT_PROJECT_VERSION = 1;
				DEVELOPMENT_TEAM = 7R2A5774NX;
				ENABLE_HARDENED_RUNTIME = YES;
				GENERATE_INFOPLIST_FILE = YES;
				INFOPLIST_KEY_NSHumanReadableCopyright = "";
				INFOPLIST_KEY_NSMainStoryboardFile = Main;
				INFOPLIST_KEY_NSPrincipalClass = NSApplication;
				LD_RUNPATH_SEARCH_PATHS = (
					"$(inherited)",
					"@executable_path/../Frameworks",
				);
				MARKETING_VERSION = 1.0;
				PRODUCT_BUNDLE_IDENTIFIER = roundtripsoftware.DogFacts;
				PRODUCT_NAME = "$(TARGET_NAME)";
				SWIFT_EMIT_LOC_STRINGS = YES;
				SWIFT_VERSION = 5.0;
			};
			name = Debug;
		};
		693FB55E2824A1A100BC9697 /* Release */ = {
			isa = XCBuildConfiguration;
			buildSettings = {
				ASSETCATALOG_COMPILER_APPICON_NAME = AppIcon;
				ASSETCATALOG_COMPILER_GLOBAL_ACCENT_COLOR_NAME = AccentColor;
				CODE_SIGN_ENTITLEMENTS = macOS/macOS.entitlements;
				CODE_SIGN_IDENTITY = "-";
				CODE_SIGN_STYLE = Automatic;
				COMBINE_HIDPI_IMAGES = YES;
				CURRENT_PROJECT_VERSION = 1;
				DEVELOPMENT_TEAM = 7R2A5774NX;
				ENABLE_HARDENED_RUNTIME = YES;
				GENERATE_INFOPLIST_FILE = YES;
				INFOPLIST_KEY_NSHumanReadableCopyright = "";
				INFOPLIST_KEY_NSMainStoryboardFile = Main;
				INFOPLIST_KEY_NSPrincipalClass = NSApplication;
				LD_RUNPATH_SEARCH_PATHS = (
					"$(inherited)",
					"@executable_path/../Frameworks",
				);
				MARKETING_VERSION = 1.0;
				PRODUCT_BUNDLE_IDENTIFIER = roundtripsoftware.DogFacts;
				PRODUCT_NAME = "$(TARGET_NAME)";
				SWIFT_EMIT_LOC_STRINGS = YES;
				SWIFT_VERSION = 5.0;
			};
			name = Release;
		};
		6989ED06287D0FAD00174779 /* Debug */ = {
			isa = XCBuildConfiguration;
			buildSettings = {
				BUNDLE_LOADER = "$(TEST_HOST)";
				CODE_SIGN_STYLE = Automatic;
				CURRENT_PROJECT_VERSION = 1;
				DEVELOPMENT_TEAM = 7R2A5774NX;
				GENERATE_INFOPLIST_FILE = YES;
				IPHONEOS_DEPLOYMENT_TARGET = 15.5;
				MARKETING_VERSION = 1.0;
				PRODUCT_BUNDLE_IDENTIFIER = roundtripsoftware.DogFactsUnitTests;
				PRODUCT_NAME = "$(TARGET_NAME)";
				SDKROOT = iphoneos;
				SWIFT_EMIT_LOC_STRINGS = NO;
				SWIFT_VERSION = 5.0;
				TARGETED_DEVICE_FAMILY = "1,2";
				TEST_HOST = "$(BUILT_PRODUCTS_DIR)/DogFactsSwiftUI.app/DogFactsSwiftUI";
			};
			name = Debug;
		};
		6989ED07287D0FAD00174779 /* Release */ = {
			isa = XCBuildConfiguration;
			buildSettings = {
				BUNDLE_LOADER = "$(TEST_HOST)";
				CODE_SIGN_STYLE = Automatic;
				CURRENT_PROJECT_VERSION = 1;
				DEVELOPMENT_TEAM = 7R2A5774NX;
				GENERATE_INFOPLIST_FILE = YES;
				IPHONEOS_DEPLOYMENT_TARGET = 15.5;
				MARKETING_VERSION = 1.0;
				PRODUCT_BUNDLE_IDENTIFIER = roundtripsoftware.DogFactsUnitTests;
				PRODUCT_NAME = "$(TARGET_NAME)";
				SDKROOT = iphoneos;
				SWIFT_EMIT_LOC_STRINGS = NO;
				SWIFT_VERSION = 5.0;
				TARGETED_DEVICE_FAMILY = "1,2";
				TEST_HOST = "$(BUILT_PRODUCTS_DIR)/DogFactsSwiftUI.app/DogFactsSwiftUI";
				VALIDATE_PRODUCT = YES;
			};
			name = Release;
		};
/* End XCBuildConfiguration section */

/* Begin XCConfigurationList section */
		691EAE322877A65C0093A527 /* Build configuration list for PBXNativeTarget "DogFactsSwiftUI (iOS)" */ = {
			isa = XCConfigurationList;
			buildConfigurations = (
				691EAE2A2877A65C0093A527 /* Debug */,
				691EAE2B2877A65C0093A527 /* Release */,
			);
			defaultConfigurationIsVisible = 0;
			defaultConfigurationName = Release;
		};
		691EAE332877A65C0093A527 /* Build configuration list for PBXNativeTarget "DogFactsSwiftUI (macOS)" */ = {
			isa = XCConfigurationList;
			buildConfigurations = (
				691EAE2C2877A65C0093A527 /* Debug */,
				691EAE2D2877A65C0093A527 /* Release */,
			);
			defaultConfigurationIsVisible = 0;
			defaultConfigurationName = Release;
		};
		693FB5322824A19F00BC9697 /* Build configuration list for PBXProject "DogFacts" */ = {
			isa = XCConfigurationList;
			buildConfigurations = (
				693FB55A2824A1A100BC9697 /* Debug */,
				693FB55B2824A1A100BC9697 /* Release */,
			);
			defaultConfigurationIsVisible = 0;
			defaultConfigurationName = Release;
		};
		693FB55C2824A1A100BC9697 /* Build configuration list for PBXNativeTarget "DogFacts (orig macOS)" */ = {
			isa = XCConfigurationList;
			buildConfigurations = (
				693FB55D2824A1A100BC9697 /* Debug */,
				693FB55E2824A1A100BC9697 /* Release */,
			);
			defaultConfigurationIsVisible = 0;
			defaultConfigurationName = Release;
		};
		6989ED05287D0FAD00174779 /* Build configuration list for PBXNativeTarget "DogFactsUnitTests" */ = {
			isa = XCConfigurationList;
			buildConfigurations = (
				6989ED06287D0FAD00174779 /* Debug */,
				6989ED07287D0FAD00174779 /* Release */,
			);
			defaultConfigurationIsVisible = 0;
			defaultConfigurationName = Release;
		};
/* End XCConfigurationList section */

/* Begin XCRemoteSwiftPackageReference section */
		690753CF287E73F9004BB38F /* XCRemoteSwiftPackageReference "swift-composable-architecture" */ = {
			isa = XCRemoteSwiftPackageReference;
			repositoryURL = "https://github.com/pointfreeco/swift-composable-architecture.git";
			requirement = {
				kind = upToNextMajorVersion;
				minimumVersion = 0.9.0;
			};
		};
/* End XCRemoteSwiftPackageReference section */

/* Begin XCSwiftPackageProductDependency section */
		690753D0287E73F9004BB38F /* ComposableArchitecture */ = {
			isa = XCSwiftPackageProductDependency;
			package = 690753CF287E73F9004BB38F /* XCRemoteSwiftPackageReference "swift-composable-architecture" */;
			productName = ComposableArchitecture;
		};
		690753D6287E7578004BB38F /* ComposableArchitecture */ = {
			isa = XCSwiftPackageProductDependency;
			package = 690753CF287E73F9004BB38F /* XCRemoteSwiftPackageReference "swift-composable-architecture" */;
			productName = ComposableArchitecture;
		};
		690753D8287E7582004BB38F /* ComposableArchitecture */ = {
			isa = XCSwiftPackageProductDependency;
			package = 690753CF287E73F9004BB38F /* XCRemoteSwiftPackageReference "swift-composable-architecture" */;
			productName = ComposableArchitecture;
		};
		690753DB287E77C2004BB38F /* ComposableArchitecture */ = {
			isa = XCSwiftPackageProductDependency;
			package = 690753CF287E73F9004BB38F /* XCRemoteSwiftPackageReference "swift-composable-architecture" */;
			productName = ComposableArchitecture;
		};
		690753DD287E77D5004BB38F /* ComposableArchitecture */ = {
			isa = XCSwiftPackageProductDependency;
			package = 690753CF287E73F9004BB38F /* XCRemoteSwiftPackageReference "swift-composable-architecture" */;
			productName = ComposableArchitecture;
		};
/* End XCSwiftPackageProductDependency section */
	};
	rootObject = 693FB52F2824A19F00BC9697 /* Project object */;
}
